// !$*UTF8*$!
{
	archiveVersion = 1;
	classes = {
	};
	objectVersion = 50;
	objects = {

/* Begin PBXBuildFile section */
		366C0BD12215305F001F21BD /* AppDelegate.swift in Sources */ = {isa = PBXBuildFile; fileRef = 366C0BD02215305F001F21BD /* AppDelegate.swift */; };
		366C0BD32215305F001F21BD /* ViewController.swift in Sources */ = {isa = PBXBuildFile; fileRef = 366C0BD22215305F001F21BD /* ViewController.swift */; };
		366C0BD62215305F001F21BD /* Main.storyboard in Resources */ = {isa = PBXBuildFile; fileRef = 366C0BD42215305F001F21BD /* Main.storyboard */; };
		366C0BD82215305F001F21BD /* Assets.xcassets in Resources */ = {isa = PBXBuildFile; fileRef = 366C0BD72215305F001F21BD /* Assets.xcassets */; };
		366C0BDB2215305F001F21BD /* LaunchScreen.storyboard in Resources */ = {isa = PBXBuildFile; fileRef = 366C0BD92215305F001F21BD /* LaunchScreen.storyboard */; };
		366C0BE622153060001F21BD /* MacaroniExamTests.swift in Sources */ = {isa = PBXBuildFile; fileRef = 366C0BE522153060001F21BD /* MacaroniExamTests.swift */; };
		B8120754DA4ED640C162BB9F /* Pods_MacaroniExam.framework in Frameworks */ = {isa = PBXBuildFile; fileRef = B8B4A79C96C3FFDA47B64114 /* Pods_MacaroniExam.framework */; };
		D094C678F5B2399D9D07A8EC /* Pods_MacaroniExamTests.framework in Frameworks */ = {isa = PBXBuildFile; fileRef = 2E0AF1B5F22F8BA725FCC0FB /* Pods_MacaroniExamTests.framework */; };
/* End PBXBuildFile section */

/* Begin PBXContainerItemProxy section */
		366C0BE222153060001F21BD /* PBXContainerItemProxy */ = {
			isa = PBXContainerItemProxy;
			containerPortal = 366C0BC52215305F001F21BD /* Project object */;
			proxyType = 1;
			remoteGlobalIDString = 366C0BCC2215305F001F21BD;
			remoteInfo = MacaroniExam;
		};
/* End PBXContainerItemProxy section */

/* Begin PBXFileReference section */
		2E0AF1B5F22F8BA725FCC0FB /* Pods_MacaroniExamTests.framework */ = {isa = PBXFileReference; explicitFileType = wrapper.framework; includeInIndex = 0; path = Pods_MacaroniExamTests.framework; sourceTree = BUILT_PRODUCTS_DIR; };
		31A1284E82A042919238B032 /* Pods-MacaroniExamTests.release.xcconfig */ = {isa = PBXFileReference; includeInIndex = 1; lastKnownFileType = text.xcconfig; name = "Pods-MacaroniExamTests.release.xcconfig"; path = "Target Support Files/Pods-MacaroniExamTests/Pods-MacaroniExamTests.release.xcconfig"; sourceTree = "<group>"; };
		366C0BCD2215305F001F21BD /* MacaroniExam.app */ = {isa = PBXFileReference; explicitFileType = wrapper.application; includeInIndex = 0; path = MacaroniExam.app; sourceTree = BUILT_PRODUCTS_DIR; };
		366C0BD02215305F001F21BD /* AppDelegate.swift */ = {isa = PBXFileReference; lastKnownFileType = sourcecode.swift; path = AppDelegate.swift; sourceTree = "<group>"; };
		366C0BD22215305F001F21BD /* ViewController.swift */ = {isa = PBXFileReference; lastKnownFileType = sourcecode.swift; path = ViewController.swift; sourceTree = "<group>"; };
		366C0BD52215305F001F21BD /* Base */ = {isa = PBXFileReference; lastKnownFileType = file.storyboard; name = Base; path = Base.lproj/Main.storyboard; sourceTree = "<group>"; };
		366C0BD72215305F001F21BD /* Assets.xcassets */ = {isa = PBXFileReference; lastKnownFileType = folder.assetcatalog; path = Assets.xcassets; sourceTree = "<group>"; };
		366C0BDA2215305F001F21BD /* Base */ = {isa = PBXFileReference; lastKnownFileType = file.storyboard; name = Base; path = Base.lproj/LaunchScreen.storyboard; sourceTree = "<group>"; };
		366C0BDC22153060001F21BD /* Info.plist */ = {isa = PBXFileReference; lastKnownFileType = text.plist.xml; path = Info.plist; sourceTree = "<group>"; };
		366C0BE122153060001F21BD /* MacaroniExamTests.xctest */ = {isa = PBXFileReference; explicitFileType = wrapper.cfbundle; includeInIndex = 0; path = MacaroniExamTests.xctest; sourceTree = BUILT_PRODUCTS_DIR; };
		366C0BE522153060001F21BD /* MacaroniExamTests.swift */ = {isa = PBXFileReference; lastKnownFileType = sourcecode.swift; path = MacaroniExamTests.swift; sourceTree = "<group>"; };
		366C0BE722153060001F21BD /* Info.plist */ = {isa = PBXFileReference; lastKnownFileType = text.plist.xml; path = Info.plist; sourceTree = "<group>"; };
		AAA9CD74E7260853D5F5B124 /* Pods-MacaroniExamTests.debug.xcconfig */ = {isa = PBXFileReference; includeInIndex = 1; lastKnownFileType = text.xcconfig; name = "Pods-MacaroniExamTests.debug.xcconfig"; path = "Target Support Files/Pods-MacaroniExamTests/Pods-MacaroniExamTests.debug.xcconfig"; sourceTree = "<group>"; };
		B8B4A79C96C3FFDA47B64114 /* Pods_MacaroniExam.framework */ = {isa = PBXFileReference; explicitFileType = wrapper.framework; includeInIndex = 0; path = Pods_MacaroniExam.framework; sourceTree = BUILT_PRODUCTS_DIR; };
		CD7794B1773BB3DFCC462406 /* Pods-MacaroniExam.release.xcconfig */ = {isa = PBXFileReference; includeInIndex = 1; lastKnownFileType = text.xcconfig; name = "Pods-MacaroniExam.release.xcconfig"; path = "Target Support Files/Pods-MacaroniExam/Pods-MacaroniExam.release.xcconfig"; sourceTree = "<group>"; };
		D4189E1B91E233C2DBC7D50B /* Pods-MacaroniExam.debug.xcconfig */ = {isa = PBXFileReference; includeInIndex = 1; lastKnownFileType = text.xcconfig; name = "Pods-MacaroniExam.debug.xcconfig"; path = "Target Support Files/Pods-MacaroniExam/Pods-MacaroniExam.debug.xcconfig"; sourceTree = "<group>"; };
/* End PBXFileReference section */

/* Begin PBXFrameworksBuildPhase section */
		366C0BCA2215305F001F21BD /* Frameworks */ = {
			isa = PBXFrameworksBuildPhase;
			buildActionMask = 2147483647;
			files = (
				B8120754DA4ED640C162BB9F /* Pods_MacaroniExam.framework in Frameworks */,
			);
			runOnlyForDeploymentPostprocessing = 0;
		};
		366C0BDE22153060001F21BD /* Frameworks */ = {
			isa = PBXFrameworksBuildPhase;
			buildActionMask = 2147483647;
			files = (
				D094C678F5B2399D9D07A8EC /* Pods_MacaroniExamTests.framework in Frameworks */,
			);
			runOnlyForDeploymentPostprocessing = 0;
		};
/* End PBXFrameworksBuildPhase section */

/* Begin PBXGroup section */
		366C0BC42215305F001F21BD = {
			isa = PBXGroup;
			children = (
				366C0BCF2215305F001F21BD /* MacaroniExam */,
				366C0BE422153060001F21BD /* MacaroniExamTests */,
				366C0BCE2215305F001F21BD /* Products */,
				A1498DFA9E4D71CAB59694E7 /* Pods */,
				E977A1F2CE83CAA438AC2A25 /* Frameworks */,
			);
			sourceTree = "<group>";
		};
		366C0BCE2215305F001F21BD /* Products */ = {
			isa = PBXGroup;
			children = (
				366C0BCD2215305F001F21BD /* MacaroniExam.app */,
				366C0BE122153060001F21BD /* MacaroniExamTests.xctest */,
			);
			name = Products;
			sourceTree = "<group>";
		};
		366C0BCF2215305F001F21BD /* MacaroniExam */ = {
			isa = PBXGroup;
			children = (
				366C0BD02215305F001F21BD /* AppDelegate.swift */,
				366C0BD22215305F001F21BD /* ViewController.swift */,
				366C0BD42215305F001F21BD /* Main.storyboard */,
				366C0BD72215305F001F21BD /* Assets.xcassets */,
				366C0BD92215305F001F21BD /* LaunchScreen.storyboard */,
				366C0BDC22153060001F21BD /* Info.plist */,
			);
			path = MacaroniExam;
			sourceTree = "<group>";
		};
		366C0BE422153060001F21BD /* MacaroniExamTests */ = {
			isa = PBXGroup;
			children = (
				366C0BE522153060001F21BD /* MacaroniExamTests.swift */,
				366C0BE722153060001F21BD /* Info.plist */,
			);
			path = MacaroniExamTests;
			sourceTree = "<group>";
		};
		A1498DFA9E4D71CAB59694E7 /* Pods */ = {
			isa = PBXGroup;
			children = (
				D4189E1B91E233C2DBC7D50B /* Pods-MacaroniExam.debug.xcconfig */,
				CD7794B1773BB3DFCC462406 /* Pods-MacaroniExam.release.xcconfig */,
				AAA9CD74E7260853D5F5B124 /* Pods-MacaroniExamTests.debug.xcconfig */,
				31A1284E82A042919238B032 /* Pods-MacaroniExamTests.release.xcconfig */,
			);
			name = Pods;
			path = Pods;
			sourceTree = "<group>";
		};
		E977A1F2CE83CAA438AC2A25 /* Frameworks */ = {
			isa = PBXGroup;
			children = (
				B8B4A79C96C3FFDA47B64114 /* Pods_MacaroniExam.framework */,
				2E0AF1B5F22F8BA725FCC0FB /* Pods_MacaroniExamTests.framework */,
			);
			name = Frameworks;
			sourceTree = "<group>";
		};
/* End PBXGroup section */

/* Begin PBXNativeTarget section */
		366C0BCC2215305F001F21BD /* MacaroniExam */ = {
			isa = PBXNativeTarget;
			buildConfigurationList = 366C0BEA22153060001F21BD /* Build configuration list for PBXNativeTarget "MacaroniExam" */;
			buildPhases = (
				1C0E6A441B7DA4928905154D /* [CP] Check Pods Manifest.lock */,
				366C0BC92215305F001F21BD /* Sources */,
				366C0BCA2215305F001F21BD /* Frameworks */,
				366C0BCB2215305F001F21BD /* Resources */,
			);
			buildRules = (
			);
			dependencies = (
			);
			name = MacaroniExam;
			productName = MacaroniExam;
			productReference = 366C0BCD2215305F001F21BD /* MacaroniExam.app */;
			productType = "com.apple.product-type.application";
		};
		366C0BE022153060001F21BD /* MacaroniExamTests */ = {
			isa = PBXNativeTarget;
			buildConfigurationList = 366C0BED22153060001F21BD /* Build configuration list for PBXNativeTarget "MacaroniExamTests" */;
			buildPhases = (
				D05114F4219B07B6A92956DE /* [CP] Check Pods Manifest.lock */,
				366C0BDD22153060001F21BD /* Sources */,
				366C0BDE22153060001F21BD /* Frameworks */,
				366C0BDF22153060001F21BD /* Resources */,
			);
			buildRules = (
			);
			dependencies = (
				366C0BE322153060001F21BD /* PBXTargetDependency */,
			);
			name = MacaroniExamTests;
			productName = MacaroniExamTests;
			productReference = 366C0BE122153060001F21BD /* MacaroniExamTests.xctest */;
			productType = "com.apple.product-type.bundle.unit-test";
		};
/* End PBXNativeTarget section */

/* Begin PBXProject section */
		366C0BC52215305F001F21BD /* Project object */ = {
			isa = PBXProject;
			attributes = {
				LastSwiftUpdateCheck = 1010;
				LastUpgradeCheck = 1010;
				ORGANIZATIONNAME = "Norihiko Oba";
				TargetAttributes = {
					366C0BCC2215305F001F21BD = {
						CreatedOnToolsVersion = 10.1;
					};
					366C0BE022153060001F21BD = {
						CreatedOnToolsVersion = 10.1;
						TestTargetID = 366C0BCC2215305F001F21BD;
					};
				};
			};
			buildConfigurationList = 366C0BC82215305F001F21BD /* Build configuration list for PBXProject "MacaroniExam" */;
			compatibilityVersion = "Xcode 9.3";
			developmentRegion = en;
			hasScannedForEncodings = 0;
			knownRegions = (
				en,
				Base,
			);
			mainGroup = 366C0BC42215305F001F21BD;
			productRefGroup = 366C0BCE2215305F001F21BD /* Products */;
			projectDirPath = "";
			projectRoot = "";
			targets = (
				366C0BCC2215305F001F21BD /* MacaroniExam */,
				366C0BE022153060001F21BD /* MacaroniExamTests */,
			);
		};
/* End PBXProject section */

/* Begin PBXResourcesBuildPhase section */
		366C0BCB2215305F001F21BD /* Resources */ = {
			isa = PBXResourcesBuildPhase;
			buildActionMask = 2147483647;
			files = (
				366C0BDB2215305F001F21BD /* LaunchScreen.storyboard in Resources */,
				366C0BD82215305F001F21BD /* Assets.xcassets in Resources */,
				366C0BD62215305F001F21BD /* Main.storyboard in Resources */,
			);
			runOnlyForDeploymentPostprocessing = 0;
		};
		366C0BDF22153060001F21BD /* Resources */ = {
			isa = PBXResourcesBuildPhase;
			buildActionMask = 2147483647;
			files = (
			);
			runOnlyForDeploymentPostprocessing = 0;
		};
/* End PBXResourcesBuildPhase section */

/* Begin PBXShellScriptBuildPhase section */
		1C0E6A441B7DA4928905154D /* [CP] Check Pods Manifest.lock */ = {
			isa = PBXShellScriptBuildPhase;
			buildActionMask = 2147483647;
			files = (
			);
			inputFileListPaths = (
			);
			inputPaths = (
				"${PODS_PODFILE_DIR_PATH}/Podfile.lock",
				"${PODS_ROOT}/Manifest.lock",
			);
			name = "[CP] Check Pods Manifest.lock";
			outputFileListPaths = (
			);
			outputPaths = (
				"$(DERIVED_FILE_DIR)/Pods-MacaroniExam-checkManifestLockResult.txt",
			);
			runOnlyForDeploymentPostprocessing = 0;
			shellPath = /bin/sh;
			shellScript = "diff \"${PODS_PODFILE_DIR_PATH}/Podfile.lock\" \"${PODS_ROOT}/Manifest.lock\" > /dev/null\nif [ $? != 0 ] ; then\n    # print error to STDERR\n    echo \"error: The sandbox is not in sync with the Podfile.lock. Run 'pod install' or update your CocoaPods installation.\" >&2\n    exit 1\nfi\n# This output is used by Xcode 'outputs' to avoid re-running this script phase.\necho \"SUCCESS\" > \"${SCRIPT_OUTPUT_FILE_0}\"\n";
			showEnvVarsInLog = 0;
		};
		D05114F4219B07B6A92956DE /* [CP] Check Pods Manifest.lock */ = {
			isa = PBXShellScriptBuildPhase;
			buildActionMask = 2147483647;
			files = (
			);
			inputFileListPaths = (
			);
			inputPaths = (
				"${PODS_PODFILE_DIR_PATH}/Podfile.lock",
				"${PODS_ROOT}/Manifest.lock",
			);
			name = "[CP] Check Pods Manifest.lock";
			outputFileListPaths = (
			);
			outputPaths = (
				"$(DERIVED_FILE_DIR)/Pods-MacaroniExamTests-checkManifestLockResult.txt",
			);
			runOnlyForDeploymentPostprocessing = 0;
			shellPath = /bin/sh;
			shellScript = "diff \"${PODS_PODFILE_DIR_PATH}/Podfile.lock\" \"${PODS_ROOT}/Manifest.lock\" > /dev/null\nif [ $? != 0 ] ; then\n    # print error to STDERR\n    echo \"error: The sandbox is not in sync with the Podfile.lock. Run 'pod install' or update your CocoaPods installation.\" >&2\n    exit 1\nfi\n# This output is used by Xcode 'outputs' to avoid re-running this script phase.\necho \"SUCCESS\" > \"${SCRIPT_OUTPUT_FILE_0}\"\n";
			showEnvVarsInLog = 0;
		};
/* End PBXShellScriptBuildPhase section */

/* Begin PBXSourcesBuildPhase section */
		366C0BC92215305F001F21BD /* Sources */ = {
			isa = PBXSourcesBuildPhase;
			buildActionMask = 2147483647;
			files = (
				366C0BD32215305F001F21BD /* ViewController.swift in Sources */,
				366C0BD12215305F001F21BD /* AppDelegate.swift in Sources */,
			);
			runOnlyForDeploymentPostprocessing = 0;
		};
		366C0BDD22153060001F21BD /* Sources */ = {
			isa = PBXSourcesBuildPhase;
			buildActionMask = 2147483647;
			files = (
				366C0BE622153060001F21BD /* MacaroniExamTests.swift in Sources */,
			);
			runOnlyForDeploymentPostprocessing = 0;
		};
/* End PBXSourcesBuildPhase section */

/* Begin PBXTargetDependency section */
		366C0BE322153060001F21BD /* PBXTargetDependency */ = {
			isa = PBXTargetDependency;
			target = 366C0BCC2215305F001F21BD /* MacaroniExam */;
			targetProxy = 366C0BE222153060001F21BD /* PBXContainerItemProxy */;
		};
/* End PBXTargetDependency section */

/* Begin PBXVariantGroup section */
		366C0BD42215305F001F21BD /* Main.storyboard */ = {
			isa = PBXVariantGroup;
			children = (
				366C0BD52215305F001F21BD /* Base */,
			);
			name = Main.storyboard;
			sourceTree = "<group>";
		};
		366C0BD92215305F001F21BD /* LaunchScreen.storyboard */ = {
			isa = PBXVariantGroup;
			children = (
				366C0BDA2215305F001F21BD /* Base */,
			);
			name = LaunchScreen.storyboard;
			sourceTree = "<group>";
		};
/* End PBXVariantGroup section */

/* Begin XCBuildConfiguration section */
		366C0BE822153060001F21BD /* Debug */ = {
			isa = XCBuildConfiguration;
			buildSettings = {
				ALWAYS_SEARCH_USER_PATHS = NO;
				CLANG_ANALYZER_NONNULL = YES;
				CLANG_ANALYZER_NUMBER_OBJECT_CONVERSION = YES_AGGRESSIVE;
				CLANG_CXX_LANGUAGE_STANDARD = "gnu++14";
				CLANG_CXX_LIBRARY = "libc++";
				CLANG_ENABLE_MODULES = YES;
				CLANG_ENABLE_OBJC_ARC = YES;
				CLANG_ENABLE_OBJC_WEAK = YES;
				CLANG_WARN_BLOCK_CAPTURE_AUTORELEASING = YES;
				CLANG_WARN_BOOL_CONVERSION = YES;
				CLANG_WARN_COMMA = YES;
				CLANG_WARN_CONSTANT_CONVERSION = YES;
				CLANG_WARN_DEPRECATED_OBJC_IMPLEMENTATIONS = YES;
				CLANG_WARN_DIRECT_OBJC_ISA_USAGE = YES_ERROR;
				CLANG_WARN_DOCUMENTATION_COMMENTS = YES;
				CLANG_WARN_EMPTY_BODY = YES;
				CLANG_WARN_ENUM_CONVERSION = YES;
				CLANG_WARN_INFINITE_RECURSION = YES;
				CLANG_WARN_INT_CONVERSION = YES;
				CLANG_WARN_NON_LITERAL_NULL_CONVERSION = YES;
				CLANG_WARN_OBJC_IMPLICIT_RETAIN_SELF = YES;
				CLANG_WARN_OBJC_LITERAL_CONVERSION = YES;
				CLANG_WARN_OBJC_ROOT_CLASS = YES_ERROR;
				CLANG_WARN_RANGE_LOOP_ANALYSIS = YES;
				CLANG_WARN_STRICT_PROTOTYPES = YES;
				CLANG_WARN_SUSPICIOUS_MOVE = YES;
				CLANG_WARN_UNGUARDED_AVAILABILITY = YES_AGGRESSIVE;
				CLANG_WARN_UNREACHABLE_CODE = YES;
				CLANG_WARN__DUPLICATE_METHOD_MATCH = YES;
				CODE_SIGN_IDENTITY = "iPhone Developer";
				COPY_PHASE_STRIP = NO;
				DEBUG_INFORMATION_FORMAT = dwarf;
				ENABLE_STRICT_OBJC_MSGSEND = YES;
				ENABLE_TESTABILITY = YES;
				GCC_C_LANGUAGE_STANDARD = gnu11;
				GCC_DYNAMIC_NO_PIC = NO;
				GCC_NO_COMMON_BLOCKS = YES;
				GCC_OPTIMIZATION_LEVEL = 0;
				GCC_PREPROCESSOR_DEFINITIONS = (
					"DEBUG=1",
					"$(inherited)",
				);
				GCC_WARN_64_TO_32_BIT_CONVERSION = YES;
				GCC_WARN_ABOUT_RETURN_TYPE = YES_ERROR;
				GCC_WARN_UNDECLARED_SELECTOR = YES;
				GCC_WARN_UNINITIALIZED_AUTOS = YES_AGGRESSIVE;
				GCC_WARN_UNUSED_FUNCTION = YES;
				GCC_WARN_UNUSED_VARIABLE = YES;
				IPHONEOS_DEPLOYMENT_TARGET = 12.1;
				MTL_ENABLE_DEBUG_INFO = INCLUDE_SOURCE;
				MTL_FAST_MATH = YES;
				ONLY_ACTIVE_ARCH = YES;
				SDKROOT = iphoneos;
				SWIFT_ACTIVE_COMPILATION_CONDITIONS = DEBUG;
				SWIFT_OPTIMIZATION_LEVEL = "-Onone";
			};
			name = Debug;
		};
		366C0BE922153060001F21BD /* Release */ = {
			isa = XCBuildConfiguration;
			buildSettings = {
				ALWAYS_SEARCH_USER_PATHS = NO;
				CLANG_ANALYZER_NONNULL = YES;
				CLANG_ANALYZER_NUMBER_OBJECT_CONVERSION = YES_AGGRESSIVE;
				CLANG_CXX_LANGUAGE_STANDARD = "gnu++14";
				CLANG_CXX_LIBRARY = "libc++";
				CLANG_ENABLE_MODULES = YES;
				CLANG_ENABLE_OBJC_ARC = YES;
				CLANG_ENABLE_OBJC_WEAK = YES;
				CLANG_WARN_BLOCK_CAPTURE_AUTORELEASING = YES;
				CLANG_WARN_BOOL_CONVERSION = YES;
				CLANG_WARN_COMMA = YES;
				CLANG_WARN_CONSTANT_CONVERSION = YES;
				CLANG_WARN_DEPRECATED_OBJC_IMPLEMENTATIONS = YES;
				CLANG_WARN_DIRECT_OBJC_ISA_USAGE = YES_ERROR;
				CLANG_WARN_DOCUMENTATION_COMMENTS = YES;
				CLANG_WARN_EMPTY_BODY = YES;
				CLANG_WARN_ENUM_CONVERSION = YES;
				CLANG_WARN_INFINITE_RECURSION = YES;
				CLANG_WARN_INT_CONVERSION = YES;
				CLANG_WARN_NON_LITERAL_NULL_CONVERSION = YES;
				CLANG_WARN_OBJC_IMPLICIT_RETAIN_SELF = YES;
				CLANG_WARN_OBJC_LITERAL_CONVERSION = YES;
				CLANG_WARN_OBJC_ROOT_CLASS = YES_ERROR;
				CLANG_WARN_RANGE_LOOP_ANALYSIS = YES;
				CLANG_WARN_STRICT_PROTOTYPES = YES;
				CLANG_WARN_SUSPICIOUS_MOVE = YES;
				CLANG_WARN_UNGUARDED_AVAILABILITY = YES_AGGRESSIVE;
				CLANG_WARN_UNREACHABLE_CODE = YES;
				CLANG_WARN__DUPLICATE_METHOD_MATCH = YES;
				CODE_SIGN_IDENTITY = "iPhone Developer";
				COPY_PHASE_STRIP = NO;
				DEBUG_INFORMATION_FORMAT = "dwarf-with-dsym";
				ENABLE_NS_ASSERTIONS = NO;
				ENABLE_STRICT_OBJC_MSGSEND = YES;
				GCC_C_LANGUAGE_STANDARD = gnu11;
				GCC_NO_COMMON_BLOCKS = YES;
				GCC_WARN_64_TO_32_BIT_CONVERSION = YES;
				GCC_WARN_ABOUT_RETURN_TYPE = YES_ERROR;
				GCC_WARN_UNDECLARED_SELECTOR = YES;
				GCC_WARN_UNINITIALIZED_AUTOS = YES_AGGRESSIVE;
				GCC_WARN_UNUSED_FUNCTION = YES;
				GCC_WARN_UNUSED_VARIABLE = YES;
				IPHONEOS_DEPLOYMENT_TARGET = 12.1;
				MTL_ENABLE_DEBUG_INFO = NO;
				MTL_FAST_MATH = YES;
				SDKROOT = iphoneos;
				SWIFT_COMPILATION_MODE = wholemodule;
				SWIFT_OPTIMIZATION_LEVEL = "-O";
				VALIDATE_PRODUCT = YES;
			};
			name = Release;
		};
		366C0BEB22153060001F21BD /* Debug */ = {
			isa = XCBuildConfiguration;
			baseConfigurationReference = D4189E1B91E233C2DBC7D50B /* Pods-MacaroniExam.debug.xcconfig */;
			buildSettings = {
				ASSETCATALOG_COMPILER_APPICON_NAME = AppIcon;
				CODE_SIGN_STYLE = Automatic;
				DEVELOPMENT_TEAM = 94G8FC57WA;
				INFOPLIST_FILE = MacaroniExam/Info.plist;
				LD_RUNPATH_SEARCH_PATHS = (
					"$(inherited)",
					"@executable_path/Frameworks",
				);
				PRODUCT_BUNDLE_IDENTIFIER = info.higan96.MacaroniExam;
				PRODUCT_NAME = "$(TARGET_NAME)";
				SWIFT_VERSION = 4.2;
				TARGETED_DEVICE_FAMILY = "1,2";
			};
			name = Debug;
		};
		366C0BEC22153060001F21BD /* Release */ = {
			isa = XCBuildConfiguration;
			baseConfigurationReference = CD7794B1773BB3DFCC462406 /* Pods-MacaroniExam.release.xcconfig */;
			buildSettings = {
				ASSETCATALOG_COMPILER_APPICON_NAME = AppIcon;
				CODE_SIGN_STYLE = Automatic;
				DEVELOPMENT_TEAM = 94G8FC57WA;
				INFOPLIST_FILE = MacaroniExam/Info.plist;
				LD_RUNPATH_SEARCH_PATHS = (
					"$(inherited)",
					"@executable_path/Frameworks",
				);
				PRODUCT_BUNDLE_IDENTIFIER = info.higan96.MacaroniExam;
				PRODUCT_NAME = "$(TARGET_NAME)";
				SWIFT_VERSION = 4.2;
				TARGETED_DEVICE_FAMILY = "1,2";
			};
			name = Release;
		};
		366C0BEE22153060001F21BD /* Debug */ = {
			isa = XCBuildConfiguration;
			baseConfigurationReference = AAA9CD74E7260853D5F5B124 /* Pods-MacaroniExamTests.debug.xcconfig */;
			buildSettings = {
				ALWAYS_EMBED_SWIFT_STANDARD_LIBRARIES = YES;
				BUNDLE_LOADER = "$(TEST_HOST)";
				CODE_SIGN_STYLE = Automatic;
				DEVELOPMENT_TEAM = 94G8FC57WA;
				INFOPLIST_FILE = MacaroniExamTests/Info.plist;
				LD_RUNPATH_SEARCH_PATHS = (
					"$(inherited)",
					"@executable_path/Frameworks",
					"@loader_path/Frameworks",
				);
				PRODUCT_BUNDLE_IDENTIFIER = info.higan96.MacaroniExamTests;
				PRODUCT_NAME = "$(TARGET_NAME)";
				SWIFT_VERSION = 4.2;
				TARGETED_DEVICE_FAMILY = "1,2";
				TEST_HOST = "$(BUILT_PRODUCTS_DIR)/MacaroniExam.app/MacaroniExam";
			};
			name = Debug;
		};
		366C0BEF22153060001F21BD /* Release */ = {
			isa = XCBuildConfiguration;
			baseConfigurationReference = 31A1284E82A042919238B032 /* Pods-MacaroniExamTests.release.xcconfig */;
			buildSettings = {
				ALWAYS_EMBED_SWIFT_STANDARD_LIBRARIES = YES;
				BUNDLE_LOADER = "$(TEST_HOST)";
				CODE_SIGN_STYLE = Automatic;
				DEVELOPMENT_TEAM = 94G8FC57WA;
				INFOPLIST_FILE = MacaroniExamTests/Info.plist;
				LD_RUNPATH_SEARCH_PATHS = (
					"$(inherited)",
					"@executable_path/Frameworks",
					"@loader_path/Frameworks",
				);
				PRODUCT_BUNDLE_IDENTIFIER = info.higan96.MacaroniExamTests;
				PRODUCT_NAME = "$(TARGET_NAME)";
				SWIFT_VERSION = 4.2;
				TARGETED_DEVICE_FAMILY = "1,2";
				TEST_HOST = "$(BUILT_PRODUCTS_DIR)/MacaroniExam.app/MacaroniExam";
			};
			name = Release;
		};
/* End XCBuildConfiguration section */

/* Begin XCConfigurationList section */
		366C0BC82215305F001F21BD /* Build configuration list for PBXProject "MacaroniExam" */ = {
			isa = XCConfigurationList;
			buildConfigurations = (
				366C0BE822153060001F21BD /* Debug */,
				366C0BE922153060001F21BD /* Release */,
			);
			defaultConfigurationIsVisible = 0;
			defaultConfigurationName = Release;
		};
		366C0BEA22153060001F21BD /* Build configuration list for PBXNativeTarget "MacaroniExam" */ = {
			isa = XCConfigurationList;
			buildConfigurations = (
				366C0BEB22153060001F21BD /* Debug */,
				366C0BEC22153060001F21BD /* Release */,
			);
			defaultConfigurationIsVisible = 0;
			defaultConfigurationName = Release;
		};
		366C0BED22153060001F21BD /* Build configuration list for PBXNativeTarget "MacaroniExamTests" */ = {
			isa = XCConfigurationList;
			buildConfigurations = (
				366C0BEE22153060001F21BD /* Debug */,
				366C0BEF22153060001F21BD /* Release */,
			);
			defaultConfigurationIsVisible = 0;
			defaultConfigurationName = Release;
		};
/* End XCConfigurationList section */
	};
	rootObject = 366C0BC52215305F001F21BD /* Project object */;
}
