// !$*UTF8*$!
{
	archiveVersion = 1;
	classes = {
	};
	objectVersion = 50;
	objects = {

/* Begin PBXBuildFile section */
		366C0BD12215305F001F21BD /* AppDelegate.swift in Sources */ = {isa = PBXBuildFile; fileRef = 366C0BD02215305F001F21BD /* AppDelegate.swift */; };
		366C0BD32215305F001F21BD /* ViewController.swift in Sources */ = {isa = PBXBuildFile; fileRef = 366C0BD22215305F001F21BD /* ViewController.swift */; };
		366C0BD62215305F001F21BD /* Main.storyboard in Resources */ = {isa = PBXBuildFile; fileRef = 366C0BD42215305F001F21BD /* Main.storyboard */; };
		366C0BD82215305F001F21BD /* Assets.xcassets in Resources */ = {isa = PBXBuildFile; fileRef = 366C0BD72215305F001F21BD /* Assets.xcassets */; };
		366C0BDB2215305F001F21BD /* LaunchScreen.storyboard in Resources */ = {isa = PBXBuildFile; fileRef = 366C0BD92215305F001F21BD /* LaunchScreen.storyboard */; };
		366C0BF122153251001F21BD /* Article.swift in Sources */ = {isa = PBXBuildFile; fileRef = 366C0BF022153251001F21BD /* Article.swift */; };
		366C0BF32215326F001F21BD /* APIClent.swift in Sources */ = {isa = PBXBuildFile; fileRef = 366C0BF22215326F001F21BD /* APIClent.swift */; };
		366C0BF522153A8A001F21BD /* ArticlesResponse.swift in Sources */ = {isa = PBXBuildFile; fileRef = 366C0BF422153A8A001F21BD /* ArticlesResponse.swift */; };
		366C0BF7221541DB001F21BD /* ArticleResponseItem.swift in Sources */ = {isa = PBXBuildFile; fileRef = 366C0BF6221541DB001F21BD /* ArticleResponseItem.swift */; };
		366C0BF9221543AE001F21BD /* ArticleEntity.swift in Sources */ = {isa = PBXBuildFile; fileRef = 366C0BF8221543AE001F21BD /* ArticleEntity.swift */; };
		366C0BFE221543F8001F21BD /* ArticlesDataStore.swift in Sources */ = {isa = PBXBuildFile; fileRef = 366C0BFD221543F8001F21BD /* ArticlesDataStore.swift */; };
		366C0C0222154594001F21BD /* ArticlesDataStoreTests.swift in Sources */ = {isa = PBXBuildFile; fileRef = 366C0C0122154594001F21BD /* ArticlesDataStoreTests.swift */; };
		833C44B602461BC566CE65D6 /* Pods_MacaroniExamTests.framework in Frameworks */ = {isa = PBXBuildFile; fileRef = 5A6DB7F720D6E320D820205D /* Pods_MacaroniExamTests.framework */; };
		B6C5277B63D629A0B8FF8E2E /* Pods_MacaroniExam.framework in Frameworks */ = {isa = PBXBuildFile; fileRef = AAE947FA86E51D70C94D847F /* Pods_MacaroniExam.framework */; };
/* End PBXBuildFile section */

/* Begin PBXContainerItemProxy section */
		366C0BE222153060001F21BD /* PBXContainerItemProxy */ = {
			isa = PBXContainerItemProxy;
			containerPortal = 366C0BC52215305F001F21BD /* Project object */;
			proxyType = 1;
			remoteGlobalIDString = 366C0BCC2215305F001F21BD;
			remoteInfo = MacaroniExam;
		};
/* End PBXContainerItemProxy section */

/* Begin PBXFileReference section */
		366C0BCD2215305F001F21BD /* MacaroniExam.app */ = {isa = PBXFileReference; explicitFileType = wrapper.application; includeInIndex = 0; path = MacaroniExam.app; sourceTree = BUILT_PRODUCTS_DIR; };
		366C0BD02215305F001F21BD /* AppDelegate.swift */ = {isa = PBXFileReference; lastKnownFileType = sourcecode.swift; path = AppDelegate.swift; sourceTree = "<group>"; };
		366C0BD22215305F001F21BD /* ViewController.swift */ = {isa = PBXFileReference; lastKnownFileType = sourcecode.swift; path = ViewController.swift; sourceTree = "<group>"; };
		366C0BD52215305F001F21BD /* Base */ = {isa = PBXFileReference; lastKnownFileType = file.storyboard; name = Base; path = Base.lproj/Main.storyboard; sourceTree = "<group>"; };
		366C0BD72215305F001F21BD /* Assets.xcassets */ = {isa = PBXFileReference; lastKnownFileType = folder.assetcatalog; path = Assets.xcassets; sourceTree = "<group>"; };
		366C0BDA2215305F001F21BD /* Base */ = {isa = PBXFileReference; lastKnownFileType = file.storyboard; name = Base; path = Base.lproj/LaunchScreen.storyboard; sourceTree = "<group>"; };
		366C0BDC22153060001F21BD /* Info.plist */ = {isa = PBXFileReference; lastKnownFileType = text.plist.xml; path = Info.plist; sourceTree = "<group>"; };
		366C0BE122153060001F21BD /* MacaroniExamTests.xctest */ = {isa = PBXFileReference; explicitFileType = wrapper.cfbundle; includeInIndex = 0; path = MacaroniExamTests.xctest; sourceTree = BUILT_PRODUCTS_DIR; };
		366C0BE722153060001F21BD /* Info.plist */ = {isa = PBXFileReference; lastKnownFileType = text.plist.xml; path = Info.plist; sourceTree = "<group>"; };
		366C0BF022153251001F21BD /* Article.swift */ = {isa = PBXFileReference; fileEncoding = 4; lastKnownFileType = sourcecode.swift; path = Article.swift; sourceTree = "<group>"; };
		366C0BF22215326F001F21BD /* APIClent.swift */ = {isa = PBXFileReference; lastKnownFileType = sourcecode.swift; path = APIClent.swift; sourceTree = "<group>"; };
		366C0BF422153A8A001F21BD /* ArticlesResponse.swift */ = {isa = PBXFileReference; lastKnownFileType = sourcecode.swift; path = ArticlesResponse.swift; sourceTree = "<group>"; };
		366C0BF6221541DB001F21BD /* ArticleResponseItem.swift */ = {isa = PBXFileReference; lastKnownFileType = sourcecode.swift; path = ArticleResponseItem.swift; sourceTree = "<group>"; };
		366C0BF8221543AE001F21BD /* ArticleEntity.swift */ = {isa = PBXFileReference; lastKnownFileType = sourcecode.swift; path = ArticleEntity.swift; sourceTree = "<group>"; };
		366C0BFD221543F8001F21BD /* ArticlesDataStore.swift */ = {isa = PBXFileReference; lastKnownFileType = sourcecode.swift; path = ArticlesDataStore.swift; sourceTree = "<group>"; };
		366C0C0122154594001F21BD /* ArticlesDataStoreTests.swift */ = {isa = PBXFileReference; lastKnownFileType = sourcecode.swift; path = ArticlesDataStoreTests.swift; sourceTree = "<group>"; };
		3800FDA9348B14C29E103511 /* Pods-MacaroniExam.release.xcconfig */ = {isa = PBXFileReference; includeInIndex = 1; lastKnownFileType = text.xcconfig; name = "Pods-MacaroniExam.release.xcconfig"; path = "Target Support Files/Pods-MacaroniExam/Pods-MacaroniExam.release.xcconfig"; sourceTree = "<group>"; };
		5A6DB7F720D6E320D820205D /* Pods_MacaroniExamTests.framework */ = {isa = PBXFileReference; explicitFileType = wrapper.framework; includeInIndex = 0; path = Pods_MacaroniExamTests.framework; sourceTree = BUILT_PRODUCTS_DIR; };
		81E9EBF2A2619609B951A0CF /* Pods-MacaroniExam.debug.xcconfig */ = {isa = PBXFileReference; includeInIndex = 1; lastKnownFileType = text.xcconfig; name = "Pods-MacaroniExam.debug.xcconfig"; path = "Target Support Files/Pods-MacaroniExam/Pods-MacaroniExam.debug.xcconfig"; sourceTree = "<group>"; };
		97670B147DE50E917C8D1DE6 /* Pods-MacaroniExamTests.debug.xcconfig */ = {isa = PBXFileReference; includeInIndex = 1; lastKnownFileType = text.xcconfig; name = "Pods-MacaroniExamTests.debug.xcconfig"; path = "Target Support Files/Pods-MacaroniExamTests/Pods-MacaroniExamTests.debug.xcconfig"; sourceTree = "<group>"; };
		AAE947FA86E51D70C94D847F /* Pods_MacaroniExam.framework */ = {isa = PBXFileReference; explicitFileType = wrapper.framework; includeInIndex = 0; path = Pods_MacaroniExam.framework; sourceTree = BUILT_PRODUCTS_DIR; };
		B79D3EBB66BA84719B4CA1DB /* Pods-MacaroniExamTests.release.xcconfig */ = {isa = PBXFileReference; includeInIndex = 1; lastKnownFileType = text.xcconfig; name = "Pods-MacaroniExamTests.release.xcconfig"; path = "Target Support Files/Pods-MacaroniExamTests/Pods-MacaroniExamTests.release.xcconfig"; sourceTree = "<group>"; };
/* End PBXFileReference section */

/* Begin PBXFrameworksBuildPhase section */
		366C0BCA2215305F001F21BD /* Frameworks */ = {
			isa = PBXFrameworksBuildPhase;
			buildActionMask = 2147483647;
			files = (
				B6C5277B63D629A0B8FF8E2E /* Pods_MacaroniExam.framework in Frameworks */,
			);
			runOnlyForDeploymentPostprocessing = 0;
		};
		366C0BDE22153060001F21BD /* Frameworks */ = {
			isa = PBXFrameworksBuildPhase;
			buildActionMask = 2147483647;
			files = (
				833C44B602461BC566CE65D6 /* Pods_MacaroniExamTests.framework in Frameworks */,
			);
			runOnlyForDeploymentPostprocessing = 0;
		};
/* End PBXFrameworksBuildPhase section */

/* Begin PBXGroup section */
		366C0BC42215305F001F21BD = {
			isa = PBXGroup;
			children = (
				366C0BCF2215305F001F21BD /* MacaroniExam */,
				366C0BE422153060001F21BD /* MacaroniExamTests */,
				366C0BCE2215305F001F21BD /* Products */,
				A1498DFA9E4D71CAB59694E7 /* Pods */,
				D1C2EA31BE63B59AB7D6A349 /* Frameworks */,
			);
			sourceTree = "<group>";
		};
		366C0BCE2215305F001F21BD /* Products */ = {
			isa = PBXGroup;
			children = (
				366C0BCD2215305F001F21BD /* MacaroniExam.app */,
				366C0BE122153060001F21BD /* MacaroniExamTests.xctest */,
			);
			name = Products;
			sourceTree = "<group>";
		};
		366C0BCF2215305F001F21BD /* MacaroniExam */ = {
			isa = PBXGroup;
			children = (
				366C0BFA221543C2001F21BD /* Data */,
				366C0BF022153251001F21BD /* Article.swift */,
				366C0BD02215305F001F21BD /* AppDelegate.swift */,
				366C0BD22215305F001F21BD /* ViewController.swift */,
				366C0BD42215305F001F21BD /* Main.storyboard */,
				366C0BD72215305F001F21BD /* Assets.xcassets */,
				366C0BD92215305F001F21BD /* LaunchScreen.storyboard */,
				366C0BDC22153060001F21BD /* Info.plist */,
				366C0BF22215326F001F21BD /* APIClent.swift */,
			);
			path = MacaroniExam;
			sourceTree = "<group>";
		};
		366C0BE422153060001F21BD /* MacaroniExamTests */ = {
			isa = PBXGroup;
			children = (
				366C0BFF22154572001F21BD /* Data */,
				366C0BE722153060001F21BD /* Info.plist */,
			);
			path = MacaroniExamTests;
			sourceTree = "<group>";
		};
		366C0BFA221543C2001F21BD /* Data */ = {
			isa = PBXGroup;
			children = (
				366C0BFC221543E2001F21BD /* DataStores */,
				366C0BFB221543D2001F21BD /* Entities */,
			);
			path = Data;
			sourceTree = "<group>";
		};
		366C0BFB221543D2001F21BD /* Entities */ = {
			isa = PBXGroup;
			children = (
				366C0BF422153A8A001F21BD /* ArticlesResponse.swift */,
				366C0BF6221541DB001F21BD /* ArticleResponseItem.swift */,
				366C0BF8221543AE001F21BD /* ArticleEntity.swift */,
			);
			path = Entities;
			sourceTree = "<group>";
		};
		366C0BFC221543E2001F21BD /* DataStores */ = {
			isa = PBXGroup;
			children = (
				366C0BFD221543F8001F21BD /* ArticlesDataStore.swift */,
			);
			path = DataStores;
			sourceTree = "<group>";
		};
		366C0BFF22154572001F21BD /* Data */ = {
			isa = PBXGroup;
			children = (
				366C0C002215457A001F21BD /* DataStores */,
			);
			path = Data;
			sourceTree = "<group>";
		};
		366C0C002215457A001F21BD /* DataStores */ = {
			isa = PBXGroup;
			children = (
				366C0C0122154594001F21BD /* ArticlesDataStoreTests.swift */,
			);
			path = DataStores;
			sourceTree = "<group>";
		};
		A1498DFA9E4D71CAB59694E7 /* Pods */ = {
			isa = PBXGroup;
			children = (
				81E9EBF2A2619609B951A0CF /* Pods-MacaroniExam.debug.xcconfig */,
				3800FDA9348B14C29E103511 /* Pods-MacaroniExam.release.xcconfig */,
				97670B147DE50E917C8D1DE6 /* Pods-MacaroniExamTests.debug.xcconfig */,
				B79D3EBB66BA84719B4CA1DB /* Pods-MacaroniExamTests.release.xcconfig */,
			);
			path = Pods;
			sourceTree = "<group>";
		};
		D1C2EA31BE63B59AB7D6A349 /* Frameworks */ = {
			isa = PBXGroup;
			children = (
				AAE947FA86E51D70C94D847F /* Pods_MacaroniExam.framework */,
				5A6DB7F720D6E320D820205D /* Pods_MacaroniExamTests.framework */,
			);
			name = Frameworks;
			sourceTree = "<group>";
		};
/* End PBXGroup section */

/* Begin PBXNativeTarget section */
		366C0BCC2215305F001F21BD /* MacaroniExam */ = {
			isa = PBXNativeTarget;
			buildConfigurationList = 366C0BEA22153060001F21BD /* Build configuration list for PBXNativeTarget "MacaroniExam" */;
			buildPhases = (
				9145F66F19BFB9B56C692589 /* [CP] Check Pods Manifest.lock */,
				366C0BC92215305F001F21BD /* Sources */,
				366C0BCA2215305F001F21BD /* Frameworks */,
				366C0BCB2215305F001F21BD /* Resources */,
				D0589A5C144EEAE2C68E4A9F /* [CP] Embed Pods Frameworks */,
			);
			buildRules = (
			);
			dependencies = (
			);
			name = MacaroniExam;
			productName = MacaroniExam;
			productReference = 366C0BCD2215305F001F21BD /* MacaroniExam.app */;
			productType = "com.apple.product-type.application";
		};
		366C0BE022153060001F21BD /* MacaroniExamTests */ = {
			isa = PBXNativeTarget;
			buildConfigurationList = 366C0BED22153060001F21BD /* Build configuration list for PBXNativeTarget "MacaroniExamTests" */;
			buildPhases = (
				27CDB8CEE2584084E27852E9 /* [CP] Check Pods Manifest.lock */,
				366C0BDD22153060001F21BD /* Sources */,
				366C0BDE22153060001F21BD /* Frameworks */,
				366C0BDF22153060001F21BD /* Resources */,
				61FC403A0CC03F0CCD3A9BC4 /* [CP] Embed Pods Frameworks */,
			);
			buildRules = (
			);
			dependencies = (
				366C0BE322153060001F21BD /* PBXTargetDependency */,
			);
			name = MacaroniExamTests;
			productName = MacaroniExamTests;
			productReference = 366C0BE122153060001F21BD /* MacaroniExamTests.xctest */;
			productType = "com.apple.product-type.bundle.unit-test";
		};
/* End PBXNativeTarget section */

/* Begin PBXProject section */
		366C0BC52215305F001F21BD /* Project object */ = {
			isa = PBXProject;
			attributes = {
				LastSwiftUpdateCheck = 1010;
				LastUpgradeCheck = 1010;
				ORGANIZATIONNAME = "Norihiko Oba";
				TargetAttributes = {
					366C0BCC2215305F001F21BD = {
						CreatedOnToolsVersion = 10.1;
					};
					366C0BE022153060001F21BD = {
						CreatedOnToolsVersion = 10.1;
						TestTargetID = 366C0BCC2215305F001F21BD;
					};
				};
			};
			buildConfigurationList = 366C0BC82215305F001F21BD /* Build configuration list for PBXProject "MacaroniExam" */;
			compatibilityVersion = "Xcode 9.3";
			developmentRegion = en;
			hasScannedForEncodings = 0;
			knownRegions = (
				en,
				Base,
			);
			mainGroup = 366C0BC42215305F001F21BD;
			productRefGroup = 366C0BCE2215305F001F21BD /* Products */;
			projectDirPath = "";
			projectRoot = "";
			targets = (
				366C0BCC2215305F001F21BD /* MacaroniExam */,
				366C0BE022153060001F21BD /* MacaroniExamTests */,
			);
		};
/* End PBXProject section */

/* Begin PBXResourcesBuildPhase section */
		366C0BCB2215305F001F21BD /* Resources */ = {
			isa = PBXResourcesBuildPhase;
			buildActionMask = 2147483647;
			files = (
				366C0BDB2215305F001F21BD /* LaunchScreen.storyboard in Resources */,
				366C0BD82215305F001F21BD /* Assets.xcassets in Resources */,
				366C0BD62215305F001F21BD /* Main.storyboard in Resources */,
			);
			runOnlyForDeploymentPostprocessing = 0;
		};
		366C0BDF22153060001F21BD /* Resources */ = {
			isa = PBXResourcesBuildPhase;
			buildActionMask = 2147483647;
			files = (
			);
			runOnlyForDeploymentPostprocessing = 0;
		};
/* End PBXResourcesBuildPhase section */

/* Begin PBXShellScriptBuildPhase section */
		27CDB8CEE2584084E27852E9 /* [CP] Check Pods Manifest.lock */ = {
			isa = PBXShellScriptBuildPhase;
			buildActionMask = 2147483647;
			files = (
			);
			inputFileListPaths = (
			);
			inputPaths = (
				"${PODS_PODFILE_DIR_PATH}/Podfile.lock",
				"${PODS_ROOT}/Manifest.lock",
			);
			name = "[CP] Check Pods Manifest.lock";
			outputFileListPaths = (
			);
			outputPaths = (
				"$(DERIVED_FILE_DIR)/Pods-MacaroniExamTests-checkManifestLockResult.txt",
			);
			runOnlyForDeploymentPostprocessing = 0;
			shellPath = /bin/sh;
			shellScript = "diff \"${PODS_PODFILE_DIR_PATH}/Podfile.lock\" \"${PODS_ROOT}/Manifest.lock\" > /dev/null\nif [ $? != 0 ] ; then\n    # print error to STDERR\n    echo \"error: The sandbox is not in sync with the Podfile.lock. Run 'pod install' or update your CocoaPods installation.\" >&2\n    exit 1\nfi\n# This output is used by Xcode 'outputs' to avoid re-running this script phase.\necho \"SUCCESS\" > \"${SCRIPT_OUTPUT_FILE_0}\"\n";
			showEnvVarsInLog = 0;
		};
		61FC403A0CC03F0CCD3A9BC4 /* [CP] Embed Pods Frameworks */ = {
			isa = PBXShellScriptBuildPhase;
			buildActionMask = 2147483647;
			files = (
			);
			inputFileListPaths = (
			);
			inputPaths = (
				"${PODS_ROOT}/Target Support Files/Pods-MacaroniExamTests/Pods-MacaroniExamTests-frameworks.sh",
				"${BUILT_PRODUCTS_DIR}/RxAtomic/RxAtomic.framework",
				"${BUILT_PRODUCTS_DIR}/RxSwift/RxSwift.framework",
				"${BUILT_PRODUCTS_DIR}/RxBlocking/RxBlocking.framework",
				"${BUILT_PRODUCTS_DIR}/RxTest/RxTest.framework",
			);
			name = "[CP] Embed Pods Frameworks";
			outputFileListPaths = (
			);
			outputPaths = (
				"${TARGET_BUILD_DIR}/${FRAMEWORKS_FOLDER_PATH}/RxAtomic.framework",
				"${TARGET_BUILD_DIR}/${FRAMEWORKS_FOLDER_PATH}/RxSwift.framework",
				"${TARGET_BUILD_DIR}/${FRAMEWORKS_FOLDER_PATH}/RxBlocking.framework",
				"${TARGET_BUILD_DIR}/${FRAMEWORKS_FOLDER_PATH}/RxTest.framework",
			);
			runOnlyForDeploymentPostprocessing = 0;
			shellPath = /bin/sh;
			shellScript = "\"${PODS_ROOT}/Target Support Files/Pods-MacaroniExamTests/Pods-MacaroniExamTests-frameworks.sh\"\n";
			showEnvVarsInLog = 0;
		};
		9145F66F19BFB9B56C692589 /* [CP] Check Pods Manifest.lock */ = {
			isa = PBXShellScriptBuildPhase;
			buildActionMask = 2147483647;
			files = (
			);
			inputFileListPaths = (
			);
			inputPaths = (
				"${PODS_PODFILE_DIR_PATH}/Podfile.lock",
				"${PODS_ROOT}/Manifest.lock",
			);
			name = "[CP] Check Pods Manifest.lock";
			outputFileListPaths = (
			);
			outputPaths = (
				"$(DERIVED_FILE_DIR)/Pods-MacaroniExam-checkManifestLockResult.txt",
			);
			runOnlyForDeploymentPostprocessing = 0;
			shellPath = /bin/sh;
			shellScript = "diff \"${PODS_PODFILE_DIR_PATH}/Podfile.lock\" \"${PODS_ROOT}/Manifest.lock\" > /dev/null\nif [ $? != 0 ] ; then\n    # print error to STDERR\n    echo \"error: The sandbox is not in sync with the Podfile.lock. Run 'pod install' or update your CocoaPods installation.\" >&2\n    exit 1\nfi\n# This output is used by Xcode 'outputs' to avoid re-running this script phase.\necho \"SUCCESS\" > \"${SCRIPT_OUTPUT_FILE_0}\"\n";
			showEnvVarsInLog = 0;
		};
		D0589A5C144EEAE2C68E4A9F /* [CP] Embed Pods Frameworks */ = {
			isa = PBXShellScriptBuildPhase;
			buildActionMask = 2147483647;
			files = (
			);
			inputFileListPaths = (
			);
			inputPaths = (
				"${PODS_ROOT}/Target Support Files/Pods-MacaroniExam/Pods-MacaroniExam-frameworks.sh",
				"${BUILT_PRODUCTS_DIR}/RxAtomic/RxAtomic.framework",
				"${BUILT_PRODUCTS_DIR}/RxCocoa/RxCocoa.framework",
				"${BUILT_PRODUCTS_DIR}/RxSwift/RxSwift.framework",
			);
			name = "[CP] Embed Pods Frameworks";
			outputFileListPaths = (
			);
			outputPaths = (
				"${TARGET_BUILD_DIR}/${FRAMEWORKS_FOLDER_PATH}/RxAtomic.framework",
				"${TARGET_BUILD_DIR}/${FRAMEWORKS_FOLDER_PATH}/RxCocoa.framework",
				"${TARGET_BUILD_DIR}/${FRAMEWORKS_FOLDER_PATH}/RxSwift.framework",
			);
			runOnlyForDeploymentPostprocessing = 0;
			shellPath = /bin/sh;
			shellScript = "\"${PODS_ROOT}/Target Support Files/Pods-MacaroniExam/Pods-MacaroniExam-frameworks.sh\"\n";
			showEnvVarsInLog = 0;
		};
/* End PBXShellScriptBuildPhase section */

/* Begin PBXSourcesBuildPhase section */
		366C0BC92215305F001F21BD /* Sources */ = {
			isa = PBXSourcesBuildPhase;
			buildActionMask = 2147483647;
			files = (
				366C0BFE221543F8001F21BD /* ArticlesDataStore.swift in Sources */,
				366C0BD32215305F001F21BD /* ViewController.swift in Sources */,
				366C0BF32215326F001F21BD /* APIClent.swift in Sources */,
				366C0BF7221541DB001F21BD /* ArticleResponseItem.swift in Sources */,
				366C0BD12215305F001F21BD /* AppDelegate.swift in Sources */,
				366C0BF122153251001F21BD /* Article.swift in Sources */,
				366C0BF9221543AE001F21BD /* ArticleEntity.swift in Sources */,
				366C0BF522153A8A001F21BD /* ArticlesResponse.swift in Sources */,
			);
			runOnlyForDeploymentPostprocessing = 0;
		};
		366C0BDD22153060001F21BD /* Sources */ = {
			isa = PBXSourcesBuildPhase;
			buildActionMask = 2147483647;
			files = (
				366C0C0222154594001F21BD /* ArticlesDataStoreTests.swift in Sources */,
			);
			runOnlyForDeploymentPostprocessing = 0;
		};
/* End PBXSourcesBuildPhase section */

/* Begin PBXTargetDependency section */
		366C0BE322153060001F21BD /* PBXTargetDependency */ = {
			isa = PBXTargetDependency;
			target = 366C0BCC2215305F001F21BD /* MacaroniExam */;
			targetProxy = 366C0BE222153060001F21BD /* PBXContainerItemProxy */;
		};
/* End PBXTargetDependency section */

/* Begin PBXVariantGroup section */
		366C0BD42215305F001F21BD /* Main.storyboard */ = {
			isa = PBXVariantGroup;
			children = (
				366C0BD52215305F001F21BD /* Base */,
			);
			name = Main.storyboard;
			sourceTree = "<group>";
		};
		366C0BD92215305F001F21BD /* LaunchScreen.storyboard */ = {
			isa = PBXVariantGroup;
			children = (
				366C0BDA2215305F001F21BD /* Base */,
			);
			name = LaunchScreen.storyboard;
			sourceTree = "<group>";
		};
/* End PBXVariantGroup section */

/* Begin XCBuildConfiguration section */
		366C0BE822153060001F21BD /* Debug */ = {
			isa = XCBuildConfiguration;
			buildSettings = {
				ALWAYS_SEARCH_USER_PATHS = NO;
				CLANG_ANALYZER_NONNULL = YES;
				CLANG_ANALYZER_NUMBER_OBJECT_CONVERSION = YES_AGGRESSIVE;
				CLANG_CXX_LANGUAGE_STANDARD = "gnu++14";
				CLANG_CXX_LIBRARY = "libc++";
				CLANG_ENABLE_MODULES = YES;
				CLANG_ENABLE_OBJC_ARC = YES;
				CLANG_ENABLE_OBJC_WEAK = YES;
				CLANG_WARN_BLOCK_CAPTURE_AUTORELEASING = YES;
				CLANG_WARN_BOOL_CONVERSION = YES;
				CLANG_WARN_COMMA = YES;
				CLANG_WARN_CONSTANT_CONVERSION = YES;
				CLANG_WARN_DEPRECATED_OBJC_IMPLEMENTATIONS = YES;
				CLANG_WARN_DIRECT_OBJC_ISA_USAGE = YES_ERROR;
				CLANG_WARN_DOCUMENTATION_COMMENTS = YES;
				CLANG_WARN_EMPTY_BODY = YES;
				CLANG_WARN_ENUM_CONVERSION = YES;
				CLANG_WARN_INFINITE_RECURSION = YES;
				CLANG_WARN_INT_CONVERSION = YES;
				CLANG_WARN_NON_LITERAL_NULL_CONVERSION = YES;
				CLANG_WARN_OBJC_IMPLICIT_RETAIN_SELF = YES;
				CLANG_WARN_OBJC_LITERAL_CONVERSION = YES;
				CLANG_WARN_OBJC_ROOT_CLASS = YES_ERROR;
				CLANG_WARN_RANGE_LOOP_ANALYSIS = YES;
				CLANG_WARN_STRICT_PROTOTYPES = YES;
				CLANG_WARN_SUSPICIOUS_MOVE = YES;
				CLANG_WARN_UNGUARDED_AVAILABILITY = YES_AGGRESSIVE;
				CLANG_WARN_UNREACHABLE_CODE = YES;
				CLANG_WARN__DUPLICATE_METHOD_MATCH = YES;
				CODE_SIGN_IDENTITY = "iPhone Developer";
				COPY_PHASE_STRIP = NO;
				DEBUG_INFORMATION_FORMAT = dwarf;
				ENABLE_STRICT_OBJC_MSGSEND = YES;
				ENABLE_TESTABILITY = YES;
				GCC_C_LANGUAGE_STANDARD = gnu11;
				GCC_DYNAMIC_NO_PIC = NO;
				GCC_NO_COMMON_BLOCKS = YES;
				GCC_OPTIMIZATION_LEVEL = 0;
				GCC_PREPROCESSOR_DEFINITIONS = (
					"DEBUG=1",
					"$(inherited)",
				);
				GCC_WARN_64_TO_32_BIT_CONVERSION = YES;
				GCC_WARN_ABOUT_RETURN_TYPE = YES_ERROR;
				GCC_WARN_UNDECLARED_SELECTOR = YES;
				GCC_WARN_UNINITIALIZED_AUTOS = YES_AGGRESSIVE;
				GCC_WARN_UNUSED_FUNCTION = YES;
				GCC_WARN_UNUSED_VARIABLE = YES;
				IPHONEOS_DEPLOYMENT_TARGET = 12.1;
				MTL_ENABLE_DEBUG_INFO = INCLUDE_SOURCE;
				MTL_FAST_MATH = YES;
				ONLY_ACTIVE_ARCH = YES;
				SDKROOT = iphoneos;
				SWIFT_ACTIVE_COMPILATION_CONDITIONS = DEBUG;
				SWIFT_OPTIMIZATION_LEVEL = "-Onone";
			};
			name = Debug;
		};
		366C0BE922153060001F21BD /* Release */ = {
			isa = XCBuildConfiguration;
			buildSettings = {
				ALWAYS_SEARCH_USER_PATHS = NO;
				CLANG_ANALYZER_NONNULL = YES;
				CLANG_ANALYZER_NUMBER_OBJECT_CONVERSION = YES_AGGRESSIVE;
				CLANG_CXX_LANGUAGE_STANDARD = "gnu++14";
				CLANG_CXX_LIBRARY = "libc++";
				CLANG_ENABLE_MODULES = YES;
				CLANG_ENABLE_OBJC_ARC = YES;
				CLANG_ENABLE_OBJC_WEAK = YES;
				CLANG_WARN_BLOCK_CAPTURE_AUTORELEASING = YES;
				CLANG_WARN_BOOL_CONVERSION = YES;
				CLANG_WARN_COMMA = YES;
				CLANG_WARN_CONSTANT_CONVERSION = YES;
				CLANG_WARN_DEPRECATED_OBJC_IMPLEMENTATIONS = YES;
				CLANG_WARN_DIRECT_OBJC_ISA_USAGE = YES_ERROR;
				CLANG_WARN_DOCUMENTATION_COMMENTS = YES;
				CLANG_WARN_EMPTY_BODY = YES;
				CLANG_WARN_ENUM_CONVERSION = YES;
				CLANG_WARN_INFINITE_RECURSION = YES;
				CLANG_WARN_INT_CONVERSION = YES;
				CLANG_WARN_NON_LITERAL_NULL_CONVERSION = YES;
				CLANG_WARN_OBJC_IMPLICIT_RETAIN_SELF = YES;
				CLANG_WARN_OBJC_LITERAL_CONVERSION = YES;
				CLANG_WARN_OBJC_ROOT_CLASS = YES_ERROR;
				CLANG_WARN_RANGE_LOOP_ANALYSIS = YES;
				CLANG_WARN_STRICT_PROTOTYPES = YES;
				CLANG_WARN_SUSPICIOUS_MOVE = YES;
				CLANG_WARN_UNGUARDED_AVAILABILITY = YES_AGGRESSIVE;
				CLANG_WARN_UNREACHABLE_CODE = YES;
				CLANG_WARN__DUPLICATE_METHOD_MATCH = YES;
				CODE_SIGN_IDENTITY = "iPhone Developer";
				COPY_PHASE_STRIP = NO;
				DEBUG_INFORMATION_FORMAT = "dwarf-with-dsym";
				ENABLE_NS_ASSERTIONS = NO;
				ENABLE_STRICT_OBJC_MSGSEND = YES;
				GCC_C_LANGUAGE_STANDARD = gnu11;
				GCC_NO_COMMON_BLOCKS = YES;
				GCC_WARN_64_TO_32_BIT_CONVERSION = YES;
				GCC_WARN_ABOUT_RETURN_TYPE = YES_ERROR;
				GCC_WARN_UNDECLARED_SELECTOR = YES;
				GCC_WARN_UNINITIALIZED_AUTOS = YES_AGGRESSIVE;
				GCC_WARN_UNUSED_FUNCTION = YES;
				GCC_WARN_UNUSED_VARIABLE = YES;
				IPHONEOS_DEPLOYMENT_TARGET = 12.1;
				MTL_ENABLE_DEBUG_INFO = NO;
				MTL_FAST_MATH = YES;
				SDKROOT = iphoneos;
				SWIFT_COMPILATION_MODE = wholemodule;
				SWIFT_OPTIMIZATION_LEVEL = "-O";
				VALIDATE_PRODUCT = YES;
			};
			name = Release;
		};
		366C0BEB22153060001F21BD /* Debug */ = {
			isa = XCBuildConfiguration;
			baseConfigurationReference = 81E9EBF2A2619609B951A0CF /* Pods-MacaroniExam.debug.xcconfig */;
			buildSettings = {
				ASSETCATALOG_COMPILER_APPICON_NAME = AppIcon;
				CODE_SIGN_STYLE = Automatic;
				DEVELOPMENT_TEAM = 94G8FC57WA;
				INFOPLIST_FILE = MacaroniExam/Info.plist;
				IPHONEOS_DEPLOYMENT_TARGET = 10.0;
				LD_RUNPATH_SEARCH_PATHS = (
					"$(inherited)",
					"@executable_path/Frameworks",
				);
				PRODUCT_BUNDLE_IDENTIFIER = info.higan96.MacaroniExam;
				PRODUCT_NAME = "$(TARGET_NAME)";
				SWIFT_VERSION = 4.2;
				TARGETED_DEVICE_FAMILY = 1;
			};
			name = Debug;
		};
		366C0BEC22153060001F21BD /* Release */ = {
			isa = XCBuildConfiguration;
			baseConfigurationReference = 3800FDA9348B14C29E103511 /* Pods-MacaroniExam.release.xcconfig */;
			buildSettings = {
				ASSETCATALOG_COMPILER_APPICON_NAME = AppIcon;
				CODE_SIGN_STYLE = Automatic;
				DEVELOPMENT_TEAM = 94G8FC57WA;
				INFOPLIST_FILE = MacaroniExam/Info.plist;
				IPHONEOS_DEPLOYMENT_TARGET = 10.0;
				LD_RUNPATH_SEARCH_PATHS = (
					"$(inherited)",
					"@executable_path/Frameworks",
				);
				PRODUCT_BUNDLE_IDENTIFIER = info.higan96.MacaroniExam;
				PRODUCT_NAME = "$(TARGET_NAME)";
				SWIFT_VERSION = 4.2;
				TARGETED_DEVICE_FAMILY = 1;
			};
			name = Release;
		};
		366C0BEE22153060001F21BD /* Debug */ = {
			isa = XCBuildConfiguration;
			baseConfigurationReference = 97670B147DE50E917C8D1DE6 /* Pods-MacaroniExamTests.debug.xcconfig */;
			buildSettings = {
				ALWAYS_EMBED_SWIFT_STANDARD_LIBRARIES = YES;
				BUNDLE_LOADER = "$(TEST_HOST)";
				CODE_SIGN_STYLE = Automatic;
				DEVELOPMENT_TEAM = 94G8FC57WA;
				INFOPLIST_FILE = MacaroniExamTests/Info.plist;
				LD_RUNPATH_SEARCH_PATHS = (
					"$(inherited)",
					"@executable_path/Frameworks",
					"@loader_path/Frameworks",
				);
				PRODUCT_BUNDLE_IDENTIFIER = info.higan96.MacaroniExamTests;
				PRODUCT_NAME = "$(TARGET_NAME)";
				SWIFT_VERSION = 4.2;
				TARGETED_DEVICE_FAMILY = "1,2";
				TEST_HOST = "$(BUILT_PRODUCTS_DIR)/MacaroniExam.app/MacaroniExam";
			};
			name = Debug;
		};
		366C0BEF22153060001F21BD /* Release */ = {
			isa = XCBuildConfiguration;
			baseConfigurationReference = B79D3EBB66BA84719B4CA1DB /* Pods-MacaroniExamTests.release.xcconfig */;
			buildSettings = {
				ALWAYS_EMBED_SWIFT_STANDARD_LIBRARIES = YES;
				BUNDLE_LOADER = "$(TEST_HOST)";
				CODE_SIGN_STYLE = Automatic;
				DEVELOPMENT_TEAM = 94G8FC57WA;
				INFOPLIST_FILE = MacaroniExamTests/Info.plist;
				LD_RUNPATH_SEARCH_PATHS = (
					"$(inherited)",
					"@executable_path/Frameworks",
					"@loader_path/Frameworks",
				);
				PRODUCT_BUNDLE_IDENTIFIER = info.higan96.MacaroniExamTests;
				PRODUCT_NAME = "$(TARGET_NAME)";
				SWIFT_VERSION = 4.2;
				TARGETED_DEVICE_FAMILY = "1,2";
				TEST_HOST = "$(BUILT_PRODUCTS_DIR)/MacaroniExam.app/MacaroniExam";
			};
			name = Release;
		};
/* End XCBuildConfiguration section */

/* Begin XCConfigurationList section */
		366C0BC82215305F001F21BD /* Build configuration list for PBXProject "MacaroniExam" */ = {
			isa = XCConfigurationList;
			buildConfigurations = (
				366C0BE822153060001F21BD /* Debug */,
				366C0BE922153060001F21BD /* Release */,
			);
			defaultConfigurationIsVisible = 0;
			defaultConfigurationName = Release;
		};
		366C0BEA22153060001F21BD /* Build configuration list for PBXNativeTarget "MacaroniExam" */ = {
			isa = XCConfigurationList;
			buildConfigurations = (
				366C0BEB22153060001F21BD /* Debug */,
				366C0BEC22153060001F21BD /* Release */,
			);
			defaultConfigurationIsVisible = 0;
			defaultConfigurationName = Release;
		};
		366C0BED22153060001F21BD /* Build configuration list for PBXNativeTarget "MacaroniExamTests" */ = {
			isa = XCConfigurationList;
			buildConfigurations = (
				366C0BEE22153060001F21BD /* Debug */,
				366C0BEF22153060001F21BD /* Release */,
			);
			defaultConfigurationIsVisible = 0;
			defaultConfigurationName = Release;
		};
/* End XCConfigurationList section */
	};
	rootObject = 366C0BC52215305F001F21BD /* Project object */;
}
